
Microsoft Visual Studio Solution File, Format Version 12.00
# Visual Studio Version 17
VisualStudioVersion = 17.8.34330.188
MinimumVisualStudioVersion = 10.0.40219.1
Project("{FAE04EC0-301F-11D3-BF4B-00C04F79EFBC}") = "App", "App\App.csproj", "{2BAAE239-02D0-4A1B-AFB4-93A0CD3CC52F}"
EndProject
Project("{FAE04EC0-301F-11D3-BF4B-00C04F79EFBC}") = "Geometry", "Geometry\Geometry.csproj", "{FABBAE23-9960-4AEC-8B6C-08B57943B94C}"
EndProject
Project("{FAE04EC0-301F-11D3-BF4B-00C04F79EFBC}") = "Geometry.Tests", "Geometry.Tests\Geometry.Tests.csproj", "{1F5F66F9-60BE-4BFE-9138-D5A06B1B48A6}"
EndProject
Global
	GlobalSection(SolutionConfigurationPlatforms) = preSolution
		Debug|Any CPU = Debug|Any CPU
		Release|Any CPU = Release|Any CPU
	EndGlobalSection
	GlobalSection(ProjectConfigurationPlatforms) = postSolution
		{2BAAE239-02D0-4A1B-AFB4-93A0CD3CC52F}.Debug|Any CPU.ActiveCfg = Debug|Any CPU
		{2BAAE239-02D0-4A1B-AFB4-93A0CD3CC52F}.Debug|Any CPU.Build.0 = Debug|Any CPU
		{2BAAE239-02D0-4A1B-AFB4-93A0CD3CC52F}.Release|Any CPU.ActiveCfg = Release|Any CPU
		{2BAAE239-02D0-4A1B-AFB4-93A0CD3CC52F}.Release|Any CPU.Build.0 = Release|Any CPU
		{FABBAE23-9960-4AEC-8B6C-08B57943B94C}.Debug|Any CPU.ActiveCfg = Debug|Any CPU
		{FABBAE23-9960-4AEC-8B6C-08B57943B94C}.Debug|Any CPU.Build.0 = Debug|Any CPU
		{FABBAE23-9960-4AEC-8B6C-08B57943B94C}.Release|Any CPU.ActiveCfg = Release|Any CPU
		{FABBAE23-9960-4AEC-8B6C-08B57943B94C}.Release|Any CPU.Build.0 = Release|Any CPU
		{1F5F66F9-60BE-4BFE-9138-D5A06B1B48A6}.Debug|Any CPU.ActiveCfg = Debug|Any CPU
		{1F5F66F9-60BE-4BFE-9138-D5A06B1B48A6}.Debug|Any CPU.Build.0 = Debug|Any CPU
		{1F5F66F9-60BE-4BFE-9138-D5A06B1B48A6}.Release|Any CPU.ActiveCfg = Release|Any CPU
		{1F5F66F9-60BE-4BFE-9138-D5A06B1B48A6}.Release|Any CPU.Build.0 = Release|Any CPU
	EndGlobalSection
	GlobalSection(SolutionProperties) = preSolution
		HideSolutionNode = FALSE
	EndGlobalSection
	GlobalSection(ExtensibilityGlobals) = postSolution
		SolutionGuid = {2E46DC1F-3A1D-4ABA-9DAD-7300FEC861BC}
	EndGlobalSection
EndGlobal
